// !$*UTF8*$!
{
	archiveVersion = 1;
	classes = {
	};
	objectVersion = 48;
	objects = {

/* Begin PBXBuildFile section */
		E34621741FF0729100FA3C7C /* UserTests.swift in Sources */ = {isa = PBXBuildFile; fileRef = E34621731FF0729100FA3C7C /* UserTests.swift */; };
		E34621771FF072FE00FA3C7C /* User.json in Resources */ = {isa = PBXBuildFile; fileRef = E34621761FF072FE00FA3C7C /* User.json */; };
		E34621791FF0747100FA3C7C /* RepositoryTests.swift in Sources */ = {isa = PBXBuildFile; fileRef = E34621781FF0747100FA3C7C /* RepositoryTests.swift */; };
		E346217B1FF074C500FA3C7C /* Repository.json in Resources */ = {isa = PBXBuildFile; fileRef = E346217A1FF074C500FA3C7C /* Repository.json */; };
		E371E2DE1FF06A480057D77B /* Error.swift in Sources */ = {isa = PBXBuildFile; fileRef = E371E2DD1FF06A480057D77B /* Error.swift */; };
		E371E2E01FF06DD70057D77B /* Data.swift in Sources */ = {isa = PBXBuildFile; fileRef = E371E2DF1FF06DD70057D77B /* Data.swift */; };
		E3C9FDD61FEE465700182B8E /* AppDelegate.swift in Sources */ = {isa = PBXBuildFile; fileRef = E3C9FDD51FEE465700182B8E /* AppDelegate.swift */; };
		E3C9FDDD1FEE465700182B8E /* Assets.xcassets in Resources */ = {isa = PBXBuildFile; fileRef = E3C9FDDC1FEE465700182B8E /* Assets.xcassets */; };
		E3C9FDE01FEE465700182B8E /* LaunchScreen.storyboard in Resources */ = {isa = PBXBuildFile; fileRef = E3C9FDDE1FEE465700182B8E /* LaunchScreen.storyboard */; };
		E3C9FDE81FEE47B900182B8E /* User.swift in Sources */ = {isa = PBXBuildFile; fileRef = E3C9FDE71FEE47B900182B8E /* User.swift */; };
		E3C9FDEA1FEE47D700182B8E /* Repository.swift in Sources */ = {isa = PBXBuildFile; fileRef = E3C9FDE91FEE47D700182B8E /* Repository.swift */; };
		E3C9FDEC1FEE47E500182B8E /* Result.swift in Sources */ = {isa = PBXBuildFile; fileRef = E3C9FDEB1FEE47E500182B8E /* Result.swift */; };
		E3C9FDEF1FEE484400182B8E /* UsersViewController.swift in Sources */ = {isa = PBXBuildFile; fileRef = E3C9FDEE1FEE484400182B8E /* UsersViewController.swift */; };
		E3C9FDF11FEE486500182B8E /* RepositoriesViewController.swift in Sources */ = {isa = PBXBuildFile; fileRef = E3C9FDF01FEE486500182B8E /* RepositoriesViewController.swift */; };
		E3C9FDF31FEE489800182B8E /* StargazersViewController.swift in Sources */ = {isa = PBXBuildFile; fileRef = E3C9FDF21FEE489800182B8E /* StargazersViewController.swift */; };
		E3C9FDF61FEE48CC00182B8E /* UserTableViewCell.swift in Sources */ = {isa = PBXBuildFile; fileRef = E3C9FDF51FEE48CC00182B8E /* UserTableViewCell.swift */; };
		E3C9FDF81FEE48E700182B8E /* RepositoryTableViewCell.swift in Sources */ = {isa = PBXBuildFile; fileRef = E3C9FDF71FEE48E700182B8E /* RepositoryTableViewCell.swift */; };
		E3C9FDFB1FEE493800182B8E /* UITableViewCell.swift in Sources */ = {isa = PBXBuildFile; fileRef = E3C9FDFA1FEE493800182B8E /* UITableViewCell.swift */; };
		E3C9FDFD1FEE495200182B8E /* UIImageView.swift in Sources */ = {isa = PBXBuildFile; fileRef = E3C9FDFC1FEE495200182B8E /* UIImageView.swift */; };
		E3C9FE001FEE49FB00182B8E /* GitHubAPIClient.swift in Sources */ = {isa = PBXBuildFile; fileRef = E3C9FDFF1FEE49FB00182B8E /* GitHubAPIClient.swift */; };
		E3C9FE021FEE4A2500182B8E /* URL.swift in Sources */ = {isa = PBXBuildFile; fileRef = E3C9FE011FEE4A2500182B8E /* URL.swift */; };
		E3C9FE041FEE4A6F00182B8E /* Error+URLSession.swift in Sources */ = {isa = PBXBuildFile; fileRef = E3C9FE031FEE4A6F00182B8E /* Error+URLSession.swift */; };
		E3C9FE071FEE4AA400182B8E /* Throttler.swift in Sources */ = {isa = PBXBuildFile; fileRef = E3C9FE061FEE4AA400182B8E /* Throttler.swift */; };
		E3C9FE091FEE4BF000182B8E /* StargazersController.swift in Sources */ = {isa = PBXBuildFile; fileRef = E3C9FE081FEE4BF000182B8E /* StargazersController.swift */; };
		E3C9FE0B1FEE4C1300182B8E /* UIViewController.swift in Sources */ = {isa = PBXBuildFile; fileRef = E3C9FE0A1FEE4C1300182B8E /* UIViewController.swift */; };
		E3C9FE121FEFBE0600182B8E /* Limiter.swift in Sources */ = {isa = PBXBuildFile; fileRef = E3C9FE111FEFBE0600182B8E /* Limiter.swift */; };
		E3C9FE141FEFC82700182B8E /* UIImage.swift in Sources */ = {isa = PBXBuildFile; fileRef = E3C9FE131FEFC82700182B8E /* UIImage.swift */; };
		E3C9FE1A1FF00AA000182B8E /* UITableView.swift in Sources */ = {isa = PBXBuildFile; fileRef = E3C9FE191FF00AA000182B8E /* UITableView.swift */; };
		E3C9FE201FF036B700182B8E /* Webservice.swift in Sources */ = {isa = PBXBuildFile; fileRef = E3C9FE1F1FF036B700182B8E /* Webservice.swift */; };
		E3C9FE221FF05B7E00182B8E /* Paginator.swift in Sources */ = {isa = PBXBuildFile; fileRef = E3C9FE211FF05B7E00182B8E /* Paginator.swift */; };
		E3C9FE2A1FF068EC00182B8E /* GitHubAPIClientRequestsBuilderTests.swift in Sources */ = {isa = PBXBuildFile; fileRef = E3C9FE291FF068EC00182B8E /* GitHubAPIClientRequestsBuilderTests.swift */; };
/* End PBXBuildFile section */

/* Begin PBXContainerItemProxy section */
		E3C9FE2C1FF068EC00182B8E /* PBXContainerItemProxy */ = {
			isa = PBXContainerItemProxy;
			containerPortal = E3C9FDCA1FEE465700182B8E /* Project object */;
			proxyType = 1;
			remoteGlobalIDString = E3C9FDD11FEE465700182B8E;
			remoteInfo = Stargazers;
		};
/* End PBXContainerItemProxy section */

/* Begin PBXFileReference section */
		E34621731FF0729100FA3C7C /* UserTests.swift */ = {isa = PBXFileReference; lastKnownFileType = sourcecode.swift; path = UserTests.swift; sourceTree = "<group>"; };
		E34621761FF072FE00FA3C7C /* User.json */ = {isa = PBXFileReference; lastKnownFileType = text.json; path = User.json; sourceTree = "<group>"; };
		E34621781FF0747100FA3C7C /* RepositoryTests.swift */ = {isa = PBXFileReference; lastKnownFileType = sourcecode.swift; path = RepositoryTests.swift; sourceTree = "<group>"; };
		E346217A1FF074C500FA3C7C /* Repository.json */ = {isa = PBXFileReference; lastKnownFileType = text.json; path = Repository.json; sourceTree = "<group>"; };
		E371E2DD1FF06A480057D77B /* Error.swift */ = {isa = PBXFileReference; lastKnownFileType = sourcecode.swift; path = Error.swift; sourceTree = "<group>"; };
		E371E2DF1FF06DD70057D77B /* Data.swift */ = {isa = PBXFileReference; lastKnownFileType = sourcecode.swift; path = Data.swift; sourceTree = "<group>"; };
		E3C9FDD21FEE465700182B8E /* Stargazers.app */ = {isa = PBXFileReference; explicitFileType = wrapper.application; includeInIndex = 0; path = Stargazers.app; sourceTree = BUILT_PRODUCTS_DIR; };
		E3C9FDD51FEE465700182B8E /* AppDelegate.swift */ = {isa = PBXFileReference; lastKnownFileType = sourcecode.swift; path = AppDelegate.swift; sourceTree = "<group>"; };
		E3C9FDDC1FEE465700182B8E /* Assets.xcassets */ = {isa = PBXFileReference; lastKnownFileType = folder.assetcatalog; path = Assets.xcassets; sourceTree = "<group>"; };
		E3C9FDDF1FEE465700182B8E /* Base */ = {isa = PBXFileReference; lastKnownFileType = file.storyboard; name = Base; path = Base.lproj/LaunchScreen.storyboard; sourceTree = "<group>"; };
		E3C9FDE11FEE465700182B8E /* Info.plist */ = {isa = PBXFileReference; lastKnownFileType = text.plist.xml; path = Info.plist; sourceTree = "<group>"; };
		E3C9FDE71FEE47B900182B8E /* User.swift */ = {isa = PBXFileReference; lastKnownFileType = sourcecode.swift; path = User.swift; sourceTree = "<group>"; };
		E3C9FDE91FEE47D700182B8E /* Repository.swift */ = {isa = PBXFileReference; lastKnownFileType = sourcecode.swift; path = Repository.swift; sourceTree = "<group>"; };
		E3C9FDEB1FEE47E500182B8E /* Result.swift */ = {isa = PBXFileReference; lastKnownFileType = sourcecode.swift; path = Result.swift; sourceTree = "<group>"; };
		E3C9FDEE1FEE484400182B8E /* UsersViewController.swift */ = {isa = PBXFileReference; lastKnownFileType = sourcecode.swift; path = UsersViewController.swift; sourceTree = "<group>"; };
		E3C9FDF01FEE486500182B8E /* RepositoriesViewController.swift */ = {isa = PBXFileReference; lastKnownFileType = sourcecode.swift; path = RepositoriesViewController.swift; sourceTree = "<group>"; };
		E3C9FDF21FEE489800182B8E /* StargazersViewController.swift */ = {isa = PBXFileReference; lastKnownFileType = sourcecode.swift; path = StargazersViewController.swift; sourceTree = "<group>"; };
		E3C9FDF51FEE48CC00182B8E /* UserTableViewCell.swift */ = {isa = PBXFileReference; lastKnownFileType = sourcecode.swift; path = UserTableViewCell.swift; sourceTree = "<group>"; };
		E3C9FDF71FEE48E700182B8E /* RepositoryTableViewCell.swift */ = {isa = PBXFileReference; lastKnownFileType = sourcecode.swift; path = RepositoryTableViewCell.swift; sourceTree = "<group>"; };
		E3C9FDFA1FEE493800182B8E /* UITableViewCell.swift */ = {isa = PBXFileReference; lastKnownFileType = sourcecode.swift; path = UITableViewCell.swift; sourceTree = "<group>"; };
		E3C9FDFC1FEE495200182B8E /* UIImageView.swift */ = {isa = PBXFileReference; lastKnownFileType = sourcecode.swift; path = UIImageView.swift; sourceTree = "<group>"; };
		E3C9FDFF1FEE49FB00182B8E /* GitHubAPIClient.swift */ = {isa = PBXFileReference; lastKnownFileType = sourcecode.swift; path = GitHubAPIClient.swift; sourceTree = "<group>"; };
		E3C9FE011FEE4A2500182B8E /* URL.swift */ = {isa = PBXFileReference; lastKnownFileType = sourcecode.swift; path = URL.swift; sourceTree = "<group>"; };
		E3C9FE031FEE4A6F00182B8E /* Error+URLSession.swift */ = {isa = PBXFileReference; lastKnownFileType = sourcecode.swift; path = "Error+URLSession.swift"; sourceTree = "<group>"; };
		E3C9FE061FEE4AA400182B8E /* Throttler.swift */ = {isa = PBXFileReference; lastKnownFileType = sourcecode.swift; path = Throttler.swift; sourceTree = "<group>"; };
		E3C9FE081FEE4BF000182B8E /* StargazersController.swift */ = {isa = PBXFileReference; lastKnownFileType = sourcecode.swift; path = StargazersController.swift; sourceTree = "<group>"; };
		E3C9FE0A1FEE4C1300182B8E /* UIViewController.swift */ = {isa = PBXFileReference; lastKnownFileType = sourcecode.swift; path = UIViewController.swift; sourceTree = "<group>"; };
		E3C9FE111FEFBE0600182B8E /* Limiter.swift */ = {isa = PBXFileReference; lastKnownFileType = sourcecode.swift; path = Limiter.swift; sourceTree = "<group>"; };
		E3C9FE131FEFC82700182B8E /* UIImage.swift */ = {isa = PBXFileReference; lastKnownFileType = sourcecode.swift; path = UIImage.swift; sourceTree = "<group>"; };
		E3C9FE191FF00AA000182B8E /* UITableView.swift */ = {isa = PBXFileReference; lastKnownFileType = sourcecode.swift; path = UITableView.swift; sourceTree = "<group>"; };
		E3C9FE1F1FF036B700182B8E /* Webservice.swift */ = {isa = PBXFileReference; lastKnownFileType = sourcecode.swift; path = Webservice.swift; sourceTree = "<group>"; };
		E3C9FE211FF05B7E00182B8E /* Paginator.swift */ = {isa = PBXFileReference; lastKnownFileType = sourcecode.swift; path = Paginator.swift; sourceTree = "<group>"; };
		E3C9FE271FF068EC00182B8E /* StargazersTests.xctest */ = {isa = PBXFileReference; explicitFileType = wrapper.cfbundle; includeInIndex = 0; path = StargazersTests.xctest; sourceTree = BUILT_PRODUCTS_DIR; };
		E3C9FE291FF068EC00182B8E /* GitHubAPIClientRequestsBuilderTests.swift */ = {isa = PBXFileReference; lastKnownFileType = sourcecode.swift; path = GitHubAPIClientRequestsBuilderTests.swift; sourceTree = "<group>"; };
		E3C9FE2B1FF068EC00182B8E /* Info.plist */ = {isa = PBXFileReference; lastKnownFileType = text.plist.xml; path = Info.plist; sourceTree = "<group>"; };
/* End PBXFileReference section */

/* Begin PBXFrameworksBuildPhase section */
		E3C9FDCF1FEE465700182B8E /* Frameworks */ = {
			isa = PBXFrameworksBuildPhase;
			buildActionMask = 2147483647;
			files = (
			);
			runOnlyForDeploymentPostprocessing = 0;
		};
		E3C9FE241FF068EC00182B8E /* Frameworks */ = {
			isa = PBXFrameworksBuildPhase;
			buildActionMask = 2147483647;
			files = (
			);
			runOnlyForDeploymentPostprocessing = 0;
		};
/* End PBXFrameworksBuildPhase section */

/* Begin PBXGroup section */
		E34621751FF072F000FA3C7C /* Data */ = {
			isa = PBXGroup;
			children = (
				E371E2DF1FF06DD70057D77B /* Data.swift */,
				E34621761FF072FE00FA3C7C /* User.json */,
				E346217A1FF074C500FA3C7C /* Repository.json */,
			);
			path = Data;
			sourceTree = "<group>";
		};
		E3C9FDC91FEE465700182B8E = {
			isa = PBXGroup;
			children = (
				E3C9FDD41FEE465700182B8E /* Stargazers */,
				E3C9FE281FF068EC00182B8E /* StargazersTests */,
				E3C9FDD31FEE465700182B8E /* Products */,
			);
			sourceTree = "<group>";
		};
		E3C9FDD31FEE465700182B8E /* Products */ = {
			isa = PBXGroup;
			children = (
				E3C9FDD21FEE465700182B8E /* Stargazers.app */,
				E3C9FE271FF068EC00182B8E /* StargazersTests.xctest */,
			);
			name = Products;
			sourceTree = "<group>";
		};
		E3C9FDD41FEE465700182B8E /* Stargazers */ = {
			isa = PBXGroup;
			children = (
				E3C9FDE11FEE465700182B8E /* Info.plist */,
				E3C9FDD51FEE465700182B8E /* AppDelegate.swift */,
				E3C9FE0E1FEF24EC00182B8E /* Controllers */,
				E3C9FDED1FEE47F500182B8E /* Models */,
				E3C9FDF91FEE48FD00182B8E /* Views */,
				E3C9FDF41FEE48AC00182B8E /* View controllers */,
				E3C9FE051FEE4A8A00182B8E /* Services */,
				E3C9FDFE1FEE497300182B8E /* Extensions */,
			);
			path = Stargazers;
			sourceTree = "<group>";
		};
		E3C9FDED1FEE47F500182B8E /* Models */ = {
			isa = PBXGroup;
			children = (
				E3C9FDE91FEE47D700182B8E /* Repository.swift */,
				E3C9FDEB1FEE47E500182B8E /* Result.swift */,
				E3C9FDE71FEE47B900182B8E /* User.swift */,
				E371E2DD1FF06A480057D77B /* Error.swift */,
			);
			path = Models;
			sourceTree = "<group>";
		};
		E3C9FDF41FEE48AC00182B8E /* View controllers */ = {
			isa = PBXGroup;
			children = (
				E3C9FDF01FEE486500182B8E /* RepositoriesViewController.swift */,
				E3C9FDF21FEE489800182B8E /* StargazersViewController.swift */,
				E3C9FDEE1FEE484400182B8E /* UsersViewController.swift */,
			);
			path = "View controllers";
			sourceTree = "<group>";
		};
		E3C9FDF91FEE48FD00182B8E /* Views */ = {
			isa = PBXGroup;
			children = (
				E3C9FDDC1FEE465700182B8E /* Assets.xcassets */,
				E3C9FDDE1FEE465700182B8E /* LaunchScreen.storyboard */,
				E3C9FDF71FEE48E700182B8E /* RepositoryTableViewCell.swift */,
				E3C9FDF51FEE48CC00182B8E /* UserTableViewCell.swift */,
			);
			path = Views;
			sourceTree = "<group>";
		};
		E3C9FDFE1FEE497300182B8E /* Extensions */ = {
			isa = PBXGroup;
			children = (
				E3C9FE031FEE4A6F00182B8E /* Error+URLSession.swift */,
				E3C9FE191FF00AA000182B8E /* UITableView.swift */,
				E3C9FE131FEFC82700182B8E /* UIImage.swift */,
				E3C9FDFC1FEE495200182B8E /* UIImageView.swift */,
				E3C9FDFA1FEE493800182B8E /* UITableViewCell.swift */,
				E3C9FE0A1FEE4C1300182B8E /* UIViewController.swift */,
				E3C9FE011FEE4A2500182B8E /* URL.swift */,
			);
			path = Extensions;
			sourceTree = "<group>";
		};
		E3C9FE051FEE4A8A00182B8E /* Services */ = {
			isa = PBXGroup;
			children = (
				E3C9FDFF1FEE49FB00182B8E /* GitHubAPIClient.swift */,
				E3C9FE1F1FF036B700182B8E /* Webservice.swift */,
				E3C9FE211FF05B7E00182B8E /* Paginator.swift */,
				E3C9FE061FEE4AA400182B8E /* Throttler.swift */,
				E3C9FE111FEFBE0600182B8E /* Limiter.swift */,
			);
			path = Services;
			sourceTree = "<group>";
		};
		E3C9FE0E1FEF24EC00182B8E /* Controllers */ = {
			isa = PBXGroup;
			children = (
				E3C9FE081FEE4BF000182B8E /* StargazersController.swift */,
			);
			path = Controllers;
			sourceTree = "<group>";
		};
		E3C9FE281FF068EC00182B8E /* StargazersTests */ = {
			isa = PBXGroup;
			children = (
				E3C9FE2B1FF068EC00182B8E /* Info.plist */,
				E34621751FF072F000FA3C7C /* Data */,
				E34621731FF0729100FA3C7C /* UserTests.swift */,
				E34621781FF0747100FA3C7C /* RepositoryTests.swift */,
				E3C9FE291FF068EC00182B8E /* GitHubAPIClientRequestsBuilderTests.swift */,
			);
			path = StargazersTests;
			sourceTree = "<group>";
		};
/* End PBXGroup section */

/* Begin PBXNativeTarget section */
		E3C9FDD11FEE465700182B8E /* Stargazers */ = {
			isa = PBXNativeTarget;
			buildConfigurationList = E3C9FDE41FEE465700182B8E /* Build configuration list for PBXNativeTarget "Stargazers" */;
			buildPhases = (
				E3C9FDCE1FEE465700182B8E /* Sources */,
				E3C9FDCF1FEE465700182B8E /* Frameworks */,
				E3C9FDD01FEE465700182B8E /* Resources */,
			);
			buildRules = (
			);
			dependencies = (
			);
			name = Stargazers;
			productName = Stargazers;
			productReference = E3C9FDD21FEE465700182B8E /* Stargazers.app */;
			productType = "com.apple.product-type.application";
		};
		E3C9FE261FF068EC00182B8E /* StargazersTests */ = {
			isa = PBXNativeTarget;
			buildConfigurationList = E3C9FE2E1FF068EC00182B8E /* Build configuration list for PBXNativeTarget "StargazersTests" */;
			buildPhases = (
				E3C9FE231FF068EC00182B8E /* Sources */,
				E3C9FE241FF068EC00182B8E /* Frameworks */,
				E3C9FE251FF068EC00182B8E /* Resources */,
			);
			buildRules = (
			);
			dependencies = (
				E3C9FE2D1FF068EC00182B8E /* PBXTargetDependency */,
			);
			name = StargazersTests;
			productName = StargazersTests;
			productReference = E3C9FE271FF068EC00182B8E /* StargazersTests.xctest */;
			productType = "com.apple.product-type.bundle.unit-test";
		};
/* End PBXNativeTarget section */

/* Begin PBXProject section */
		E3C9FDCA1FEE465700182B8E /* Project object */ = {
			isa = PBXProject;
			attributes = {
				LastSwiftUpdateCheck = 0920;
				LastUpgradeCheck = 0920;
				ORGANIZATIONNAME = "Matteo Crespi";
				TargetAttributes = {
					E3C9FDD11FEE465700182B8E = {
						CreatedOnToolsVersion = 9.2;
						ProvisioningStyle = Automatic;
					};
					E3C9FE261FF068EC00182B8E = {
						CreatedOnToolsVersion = 9.2;
						ProvisioningStyle = Automatic;
						TestTargetID = E3C9FDD11FEE465700182B8E;
					};
				};
			};
			buildConfigurationList = E3C9FDCD1FEE465700182B8E /* Build configuration list for PBXProject "Stargazers" */;
			compatibilityVersion = "Xcode 8.0";
			developmentRegion = en;
			hasScannedForEncodings = 0;
			knownRegions = (
				en,
				Base,
			);
			mainGroup = E3C9FDC91FEE465700182B8E;
			productRefGroup = E3C9FDD31FEE465700182B8E /* Products */;
			projectDirPath = "";
			projectRoot = "";
			targets = (
				E3C9FDD11FEE465700182B8E /* Stargazers */,
				E3C9FE261FF068EC00182B8E /* StargazersTests */,
			);
		};
/* End PBXProject section */

/* Begin PBXResourcesBuildPhase section */
		E3C9FDD01FEE465700182B8E /* Resources */ = {
			isa = PBXResourcesBuildPhase;
			buildActionMask = 2147483647;
			files = (
				E3C9FDE01FEE465700182B8E /* LaunchScreen.storyboard in Resources */,
				E3C9FDDD1FEE465700182B8E /* Assets.xcassets in Resources */,
			);
			runOnlyForDeploymentPostprocessing = 0;
		};
		E3C9FE251FF068EC00182B8E /* Resources */ = {
			isa = PBXResourcesBuildPhase;
			buildActionMask = 2147483647;
			files = (
				E34621771FF072FE00FA3C7C /* User.json in Resources */,
				E346217B1FF074C500FA3C7C /* Repository.json in Resources */,
			);
			runOnlyForDeploymentPostprocessing = 0;
		};
/* End PBXResourcesBuildPhase section */

/* Begin PBXSourcesBuildPhase section */
		E3C9FDCE1FEE465700182B8E /* Sources */ = {
			isa = PBXSourcesBuildPhase;
			buildActionMask = 2147483647;
			files = (
				E3C9FDF81FEE48E700182B8E /* RepositoryTableViewCell.swift in Sources */,
				E3C9FDD61FEE465700182B8E /* AppDelegate.swift in Sources */,
				E371E2DE1FF06A480057D77B /* Error.swift in Sources */,
				E3C9FDF11FEE486500182B8E /* RepositoriesViewController.swift in Sources */,
				E3C9FDE81FEE47B900182B8E /* User.swift in Sources */,
				E3C9FDF31FEE489800182B8E /* StargazersViewController.swift in Sources */,
				E3C9FE021FEE4A2500182B8E /* URL.swift in Sources */,
				E3C9FDFB1FEE493800182B8E /* UITableViewCell.swift in Sources */,
				E3C9FDFD1FEE495200182B8E /* UIImageView.swift in Sources */,
				E3C9FE201FF036B700182B8E /* Webservice.swift in Sources */,
				E3C9FE0B1FEE4C1300182B8E /* UIViewController.swift in Sources */,
				E3C9FDF61FEE48CC00182B8E /* UserTableViewCell.swift in Sources */,
				E3C9FE001FEE49FB00182B8E /* GitHubAPIClient.swift in Sources */,
				E3C9FDEF1FEE484400182B8E /* UsersViewController.swift in Sources */,
				E3C9FE121FEFBE0600182B8E /* Limiter.swift in Sources */,
				E3C9FE071FEE4AA400182B8E /* Throttler.swift in Sources */,
				E3C9FDEC1FEE47E500182B8E /* Result.swift in Sources */,
				E3C9FE041FEE4A6F00182B8E /* Error+URLSession.swift in Sources */,
				E3C9FE141FEFC82700182B8E /* UIImage.swift in Sources */,
				E3C9FDEA1FEE47D700182B8E /* Repository.swift in Sources */,
				E3C9FE091FEE4BF000182B8E /* StargazersController.swift in Sources */,
				E3C9FE1A1FF00AA000182B8E /* UITableView.swift in Sources */,
				E3C9FE221FF05B7E00182B8E /* Paginator.swift in Sources */,
			);
			runOnlyForDeploymentPostprocessing = 0;
		};
		E3C9FE231FF068EC00182B8E /* Sources */ = {
			isa = PBXSourcesBuildPhase;
			buildActionMask = 2147483647;
			files = (
				E34621741FF0729100FA3C7C /* UserTests.swift in Sources */,
				E3C9FE2A1FF068EC00182B8E /* GitHubAPIClientRequestsBuilderTests.swift in Sources */,
				E371E2E01FF06DD70057D77B /* Data.swift in Sources */,
				E34621791FF0747100FA3C7C /* RepositoryTests.swift in Sources */,
			);
			runOnlyForDeploymentPostprocessing = 0;
		};
/* End PBXSourcesBuildPhase section */

/* Begin PBXTargetDependency section */
		E3C9FE2D1FF068EC00182B8E /* PBXTargetDependency */ = {
			isa = PBXTargetDependency;
			target = E3C9FDD11FEE465700182B8E /* Stargazers */;
			targetProxy = E3C9FE2C1FF068EC00182B8E /* PBXContainerItemProxy */;
		};
/* End PBXTargetDependency section */

/* Begin PBXVariantGroup section */
		E3C9FDDE1FEE465700182B8E /* LaunchScreen.storyboard */ = {
			isa = PBXVariantGroup;
			children = (
				E3C9FDDF1FEE465700182B8E /* Base */,
			);
			name = LaunchScreen.storyboard;
			sourceTree = "<group>";
		};
/* End PBXVariantGroup section */

/* Begin XCBuildConfiguration section */
		E3C9FDE21FEE465700182B8E /* Debug */ = {
			isa = XCBuildConfiguration;
			buildSettings = {
				ALWAYS_SEARCH_USER_PATHS = NO;
				CLANG_ANALYZER_NONNULL = YES;
				CLANG_ANALYZER_NUMBER_OBJECT_CONVERSION = YES_AGGRESSIVE;
				CLANG_CXX_LANGUAGE_STANDARD = "gnu++14";
				CLANG_CXX_LIBRARY = "libc++";
				CLANG_ENABLE_MODULES = YES;
				CLANG_ENABLE_OBJC_ARC = YES;
				CLANG_WARN_BLOCK_CAPTURE_AUTORELEASING = YES;
				CLANG_WARN_BOOL_CONVERSION = YES;
				CLANG_WARN_COMMA = YES;
				CLANG_WARN_CONSTANT_CONVERSION = YES;
				CLANG_WARN_DIRECT_OBJC_ISA_USAGE = YES_ERROR;
				CLANG_WARN_DOCUMENTATION_COMMENTS = YES;
				CLANG_WARN_EMPTY_BODY = YES;
				CLANG_WARN_ENUM_CONVERSION = YES;
				CLANG_WARN_INFINITE_RECURSION = YES;
				CLANG_WARN_INT_CONVERSION = YES;
				CLANG_WARN_NON_LITERAL_NULL_CONVERSION = YES;
				CLANG_WARN_OBJC_LITERAL_CONVERSION = YES;
				CLANG_WARN_OBJC_ROOT_CLASS = YES_ERROR;
				CLANG_WARN_RANGE_LOOP_ANALYSIS = YES;
				CLANG_WARN_STRICT_PROTOTYPES = YES;
				CLANG_WARN_SUSPICIOUS_MOVE = YES;
				CLANG_WARN_UNGUARDED_AVAILABILITY = YES_AGGRESSIVE;
				CLANG_WARN_UNREACHABLE_CODE = YES;
				CLANG_WARN__DUPLICATE_METHOD_MATCH = YES;
				CODE_SIGN_IDENTITY = "iPhone Developer";
				COPY_PHASE_STRIP = NO;
				DEBUG_INFORMATION_FORMAT = dwarf;
				ENABLE_STRICT_OBJC_MSGSEND = YES;
				ENABLE_TESTABILITY = YES;
				GCC_C_LANGUAGE_STANDARD = gnu11;
				GCC_DYNAMIC_NO_PIC = NO;
				GCC_NO_COMMON_BLOCKS = YES;
				GCC_OPTIMIZATION_LEVEL = 0;
				GCC_PREPROCESSOR_DEFINITIONS = (
					"DEBUG=1",
					"$(inherited)",
				);
				GCC_WARN_64_TO_32_BIT_CONVERSION = YES;
				GCC_WARN_ABOUT_RETURN_TYPE = YES_ERROR;
				GCC_WARN_UNDECLARED_SELECTOR = YES;
				GCC_WARN_UNINITIALIZED_AUTOS = YES_AGGRESSIVE;
				GCC_WARN_UNUSED_FUNCTION = YES;
				GCC_WARN_UNUSED_VARIABLE = YES;
				IPHONEOS_DEPLOYMENT_TARGET = 11.2;
				MTL_ENABLE_DEBUG_INFO = YES;
				ONLY_ACTIVE_ARCH = YES;
				SDKROOT = iphoneos;
				SWIFT_ACTIVE_COMPILATION_CONDITIONS = DEBUG;
				SWIFT_OPTIMIZATION_LEVEL = "-Onone";
			};
			name = Debug;
		};
		E3C9FDE31FEE465700182B8E /* Release */ = {
			isa = XCBuildConfiguration;
			buildSettings = {
				ALWAYS_SEARCH_USER_PATHS = NO;
				CLANG_ANALYZER_NONNULL = YES;
				CLANG_ANALYZER_NUMBER_OBJECT_CONVERSION = YES_AGGRESSIVE;
				CLANG_CXX_LANGUAGE_STANDARD = "gnu++14";
				CLANG_CXX_LIBRARY = "libc++";
				CLANG_ENABLE_MODULES = YES;
				CLANG_ENABLE_OBJC_ARC = YES;
				CLANG_WARN_BLOCK_CAPTURE_AUTORELEASING = YES;
				CLANG_WARN_BOOL_CONVERSION = YES;
				CLANG_WARN_COMMA = YES;
				CLANG_WARN_CONSTANT_CONVERSION = YES;
				CLANG_WARN_DIRECT_OBJC_ISA_USAGE = YES_ERROR;
				CLANG_WARN_DOCUMENTATION_COMMENTS = YES;
				CLANG_WARN_EMPTY_BODY = YES;
				CLANG_WARN_ENUM_CONVERSION = YES;
				CLANG_WARN_INFINITE_RECURSION = YES;
				CLANG_WARN_INT_CONVERSION = YES;
				CLANG_WARN_NON_LITERAL_NULL_CONVERSION = YES;
				CLANG_WARN_OBJC_LITERAL_CONVERSION = YES;
				CLANG_WARN_OBJC_ROOT_CLASS = YES_ERROR;
				CLANG_WARN_RANGE_LOOP_ANALYSIS = YES;
				CLANG_WARN_STRICT_PROTOTYPES = YES;
				CLANG_WARN_SUSPICIOUS_MOVE = YES;
				CLANG_WARN_UNGUARDED_AVAILABILITY = YES_AGGRESSIVE;
				CLANG_WARN_UNREACHABLE_CODE = YES;
				CLANG_WARN__DUPLICATE_METHOD_MATCH = YES;
				CODE_SIGN_IDENTITY = "iPhone Developer";
				COPY_PHASE_STRIP = NO;
				DEBUG_INFORMATION_FORMAT = "dwarf-with-dsym";
				ENABLE_NS_ASSERTIONS = NO;
				ENABLE_STRICT_OBJC_MSGSEND = YES;
				GCC_C_LANGUAGE_STANDARD = gnu11;
				GCC_NO_COMMON_BLOCKS = YES;
				GCC_WARN_64_TO_32_BIT_CONVERSION = YES;
				GCC_WARN_ABOUT_RETURN_TYPE = YES_ERROR;
				GCC_WARN_UNDECLARED_SELECTOR = YES;
				GCC_WARN_UNINITIALIZED_AUTOS = YES_AGGRESSIVE;
				GCC_WARN_UNUSED_FUNCTION = YES;
				GCC_WARN_UNUSED_VARIABLE = YES;
				IPHONEOS_DEPLOYMENT_TARGET = 11.2;
				MTL_ENABLE_DEBUG_INFO = NO;
				SDKROOT = iphoneos;
				SWIFT_OPTIMIZATION_LEVEL = "-Owholemodule";
				VALIDATE_PRODUCT = YES;
			};
			name = Release;
		};
		E3C9FDE51FEE465700182B8E /* Debug */ = {
			isa = XCBuildConfiguration;
			buildSettings = {
				ASSETCATALOG_COMPILER_APPICON_NAME = AppIcon;
				CODE_SIGN_STYLE = Automatic;
				DEVELOPMENT_TEAM = 3CM92FF2C5;
				INFOPLIST_FILE = Stargazers/Info.plist;
				IPHONEOS_DEPLOYMENT_TARGET = 11.0;
				LD_RUNPATH_SEARCH_PATHS = "$(inherited) @executable_path/Frameworks";
				PRODUCT_BUNDLE_IDENTIFIER = com.mttcrsp.Stargazers;
				PRODUCT_NAME = "$(TARGET_NAME)";
				SWIFT_VERSION = 4.0;
				TARGETED_DEVICE_FAMILY = "1,2";
			};
			name = Debug;
		};
		E3C9FDE61FEE465700182B8E /* Release */ = {
			isa = XCBuildConfiguration;
			buildSettings = {
				ASSETCATALOG_COMPILER_APPICON_NAME = AppIcon;
				CODE_SIGN_STYLE = Automatic;
				DEVELOPMENT_TEAM = 3CM92FF2C5;
				INFOPLIST_FILE = Stargazers/Info.plist;
				IPHONEOS_DEPLOYMENT_TARGET = 11.0;
				LD_RUNPATH_SEARCH_PATHS = "$(inherited) @executable_path/Frameworks";
				PRODUCT_BUNDLE_IDENTIFIER = com.mttcrsp.Stargazers;
				PRODUCT_NAME = "$(TARGET_NAME)";
				SWIFT_VERSION = 4.0;
				TARGETED_DEVICE_FAMILY = "1,2";
			};
			name = Release;
		};
		E3C9FE2F1FF068EC00182B8E /* Debug */ = {
			isa = XCBuildConfiguration;
			buildSettings = {
				BUNDLE_LOADER = "$(TEST_HOST)";
				CODE_SIGN_STYLE = Automatic;
				INFOPLIST_FILE = StargazersTests/Info.plist;
				LD_RUNPATH_SEARCH_PATHS = "$(inherited) @executable_path/Frameworks @loader_path/Frameworks";
				PRODUCT_BUNDLE_IDENTIFIER = com.mttcrsp.StargazersTests;
				PRODUCT_NAME = "$(TARGET_NAME)";
				SWIFT_VERSION = 4.0;
				TARGETED_DEVICE_FAMILY = "1,2";
				TEST_HOST = "$(BUILT_PRODUCTS_DIR)/Stargazers.app/Stargazers";
			};
			name = Debug;
		};
		E3C9FE301FF068EC00182B8E /* Release */ = {
			isa = XCBuildConfiguration;
			buildSettings = {
				BUNDLE_LOADER = "$(TEST_HOST)";
				CODE_SIGN_STYLE = Automatic;
				INFOPLIST_FILE = StargazersTests/Info.plist;
				LD_RUNPATH_SEARCH_PATHS = "$(inherited) @executable_path/Frameworks @loader_path/Frameworks";
				PRODUCT_BUNDLE_IDENTIFIER = com.mttcrsp.StargazersTests;
				PRODUCT_NAME = "$(TARGET_NAME)";
				SWIFT_VERSION = 4.0;
				TARGETED_DEVICE_FAMILY = "1,2";
				TEST_HOST = "$(BUILT_PRODUCTS_DIR)/Stargazers.app/Stargazers";
			};
			name = Release;
		};
/* End XCBuildConfiguration section */

/* Begin XCConfigurationList section */
		E3C9FDCD1FEE465700182B8E /* Build configuration list for PBXProject "Stargazers" */ = {
			isa = XCConfigurationList;
			buildConfigurations = (
				E3C9FDE21FEE465700182B8E /* Debug */,
				E3C9FDE31FEE465700182B8E /* Release */,
			);
			defaultConfigurationIsVisible = 0;
			defaultConfigurationName = Release;
		};
		E3C9FDE41FEE465700182B8E /* Build configuration list for PBXNativeTarget "Stargazers" */ = {
			isa = XCConfigurationList;
			buildConfigurations = (
				E3C9FDE51FEE465700182B8E /* Debug */,
				E3C9FDE61FEE465700182B8E /* Release */,
			);
			defaultConfigurationIsVisible = 0;
			defaultConfigurationName = Release;
		};
		E3C9FE2E1FF068EC00182B8E /* Build configuration list for PBXNativeTarget "StargazersTests" */ = {
			isa = XCConfigurationList;
			buildConfigurations = (
				E3C9FE2F1FF068EC00182B8E /* Debug */,
				E3C9FE301FF068EC00182B8E /* Release */,
			);
			defaultConfigurationIsVisible = 0;
			defaultConfigurationName = Release;
		};
/* End XCConfigurationList section */
	};
	rootObject = E3C9FDCA1FEE465700182B8E /* Project object */;
}
